{
  "object": {
    "pins": [
      {
        "package": "CRuntime",
        "repositoryURL": "https://github.com/nerdsupremacist/CRuntime.git",
        "state": {
          "branch": "master",
          "revision": "1ad0c05e0d2bc83546df2c7883eb33dbc3678d4c",
          "version": null
        }
      },
      {
        "package": "CwlDemangle",
        "repositoryURL": "https://github.com/mattgallagher/CwlDemangle.git",
        "state": {
          "branch": "master",
          "revision": "b268c08207d2990664605c49b2c71cbd0df3445b",
          "version": null
        }
      }
    ]
  },
  "version": 1
}
