{
  "object": {
    "pins": [
      {
        "package": "CRuntime",
        "repositoryURL": "https://github.com/nerdsupremacist/CRuntime.git",
        "state": {
          "branch": null,
          "revision": "95f911318d8c885f6fc05e971471f94adfd39405",
          "version": "2.1.2"
        }
      },
      {
        "package": "CwlDemangle",
        "repositoryURL": "https://github.com/nerdsupremacist/CwlDemangle.git",
        "state": {
          "branch": null,
          "revision": "ca1ffdc206f76dc5f217f27ea2a0bbd2241a4a92",
          "version": "0.1.1-beta.1"
        }
      }
    ]
  },
  "version": 1
}
